
Microsoft Visual Studio Solution File, Format Version 12.00
Project("{FAE04EC0-301F-11D3-BF4B-00C04F79EFBC}") = "Core", "Core\Core.csproj", "{55D0264C-0C88-4ABE-8466-8FF158BEB5A3}"
EndProject
Project("{FAE04EC0-301F-11D3-BF4B-00C04F79EFBC}") = "Tests", "Tests\Tests.csproj", "{6CB8920C-6679-4004-A0FF-725C3905DA5D}"
EndProject
Global
	GlobalSection(SolutionConfigurationPlatforms) = preSolution
		Debug|Any CPU = Debug|Any CPU
		Release|Any CPU = Release|Any CPU
	EndGlobalSection
	GlobalSection(ProjectConfigurationPlatforms) = postSolution
		{55D0264C-0C88-4ABE-8466-8FF158BEB5A3}.Debug|Any CPU.ActiveCfg = Debug|Any CPU
		{55D0264C-0C88-4ABE-8466-8FF158BEB5A3}.Debug|Any CPU.Build.0 = Debug|Any CPU
		{55D0264C-0C88-4ABE-8466-8FF158BEB5A3}.Release|Any CPU.ActiveCfg = Release|Any CPU
		{55D0264C-0C88-4ABE-8466-8FF158BEB5A3}.Release|Any CPU.Build.0 = Release|Any CPU
		{6CB8920C-6679-4004-A0FF-725C3905DA5D}.Debug|Any CPU.ActiveCfg = Debug|Any CPU
		{6CB8920C-6679-4004-A0FF-725C3905DA5D}.Debug|Any CPU.Build.0 = Debug|Any CPU
		{6CB8920C-6679-4004-A0FF-725C3905DA5D}.Release|Any CPU.ActiveCfg = Release|Any CPU
		{6CB8920C-6679-4004-A0FF-725C3905DA5D}.Release|Any CPU.Build.0 = Release|Any CPU
	EndGlobalSection
EndGlobal
